
Microsoft Visual Studio Solution File, Format Version 12.00
# Visual Studio 14
VisualStudioVersion = 14.0.25420.1
MinimumVisualStudioVersion = 10.0.40219.1
Project("{FAE04EC0-301F-11D3-BF4B-00C04F79EFBC}") = "eCommerce.UI", "eCommerce.UI\eCommerce.UI.csproj", "{FE461404-3A14-4D6E-9ADB-672F45F39EE2}"
EndProject
Project("{FAE04EC0-301F-11D3-BF4B-00C04F79EFBC}") = "eCommerce.Data", "eCommerce.Data\eCommerce.Data.csproj", "{1124FC50-6C3A-4A45-8CD7-7241512BF6E7}"
EndProject
Project("{FAE04EC0-301F-11D3-BF4B-00C04F79EFBC}") = "eCommerce.Service", "eCommerce.Service\eCommerce.Service.csproj", "{1EA2168B-D8D2-478A-8DA0-5AF9A8FA8D69}"
EndProject
Project("{FAE04EC0-301F-11D3-BF4B-00C04F79EFBC}") = "eCommerce.Dto", "eCommerce.DTO\eCommerce.Dto.csproj", "{AAA94CC2-17DE-41C6-893E-BD7FF402894D}"
EndProject
Project("{FAE04EC0-301F-11D3-BF4B-00C04F79EFBC}") = "eCommerce.Common", "eCommerce.Common\eCommerce.Common.csproj", "{3D07BA88-78BE-4FEA-98CB-F62F87BB9F6B}"
EndProject
Global
	GlobalSection(SolutionConfigurationPlatforms) = preSolution
		Debug|Any CPU = Debug|Any CPU
		Release|Any CPU = Release|Any CPU
	EndGlobalSection
	GlobalSection(ProjectConfigurationPlatforms) = postSolution
		{FE461404-3A14-4D6E-9ADB-672F45F39EE2}.Debug|Any CPU.ActiveCfg = Debug|Any CPU
		{FE461404-3A14-4D6E-9ADB-672F45F39EE2}.Debug|Any CPU.Build.0 = Debug|Any CPU
		{FE461404-3A14-4D6E-9ADB-672F45F39EE2}.Release|Any CPU.ActiveCfg = Release|Any CPU
		{FE461404-3A14-4D6E-9ADB-672F45F39EE2}.Release|Any CPU.Build.0 = Release|Any CPU
		{1124FC50-6C3A-4A45-8CD7-7241512BF6E7}.Debug|Any CPU.ActiveCfg = Debug|Any CPU
		{1124FC50-6C3A-4A45-8CD7-7241512BF6E7}.Debug|Any CPU.Build.0 = Debug|Any CPU
		{1124FC50-6C3A-4A45-8CD7-7241512BF6E7}.Release|Any CPU.ActiveCfg = Release|Any CPU
		{1124FC50-6C3A-4A45-8CD7-7241512BF6E7}.Release|Any CPU.Build.0 = Release|Any CPU
		{1EA2168B-D8D2-478A-8DA0-5AF9A8FA8D69}.Debug|Any CPU.ActiveCfg = Debug|Any CPU
		{1EA2168B-D8D2-478A-8DA0-5AF9A8FA8D69}.Debug|Any CPU.Build.0 = Debug|Any CPU
		{1EA2168B-D8D2-478A-8DA0-5AF9A8FA8D69}.Release|Any CPU.ActiveCfg = Release|Any CPU
		{1EA2168B-D8D2-478A-8DA0-5AF9A8FA8D69}.Release|Any CPU.Build.0 = Release|Any CPU
		{AAA94CC2-17DE-41C6-893E-BD7FF402894D}.Debug|Any CPU.ActiveCfg = Debug|Any CPU
		{AAA94CC2-17DE-41C6-893E-BD7FF402894D}.Debug|Any CPU.Build.0 = Debug|Any CPU
		{AAA94CC2-17DE-41C6-893E-BD7FF402894D}.Release|Any CPU.ActiveCfg = Release|Any CPU
		{AAA94CC2-17DE-41C6-893E-BD7FF402894D}.Release|Any CPU.Build.0 = Release|Any CPU
		{3D07BA88-78BE-4FEA-98CB-F62F87BB9F6B}.Debug|Any CPU.ActiveCfg = Debug|Any CPU
		{3D07BA88-78BE-4FEA-98CB-F62F87BB9F6B}.Debug|Any CPU.Build.0 = Debug|Any CPU
		{3D07BA88-78BE-4FEA-98CB-F62F87BB9F6B}.Release|Any CPU.ActiveCfg = Release|Any CPU
		{3D07BA88-78BE-4FEA-98CB-F62F87BB9F6B}.Release|Any CPU.Build.0 = Release|Any CPU
	EndGlobalSection
	GlobalSection(SolutionProperties) = preSolution
		HideSolutionNode = FALSE
	EndGlobalSection
EndGlobal
